
Microsoft Visual Studio Solution File, Format Version 12.00
# Visual Studio Version 17
VisualStudioVersion = 17.7.34031.279
MinimumVisualStudioVersion = 10.0.40219.1
Project("{FAE04EC0-301F-11D3-BF4B-00C04F79EFBC}") = "Wcf-Service", "Wcf-Service\Wcf-Service.csproj", "{ED5A7236-AEA5-4CEA-A6F5-17F55CE7CC04}"
EndProject
Global
	GlobalSection(SolutionConfigurationPlatforms) = preSolution
		Debug|Any CPU = Debug|Any CPU
		Release|Any CPU = Release|Any CPU
	EndGlobalSection
	GlobalSection(ProjectConfigurationPlatforms) = postSolution
		{ED5A7236-AEA5-4CEA-A6F5-17F55CE7CC04}.Debug|Any CPU.ActiveCfg = Debug|Any CPU
		{ED5A7236-AEA5-4CEA-A6F5-17F55CE7CC04}.Debug|Any CPU.Build.0 = Debug|Any CPU
		{ED5A7236-AEA5-4CEA-A6F5-17F55CE7CC04}.Release|Any CPU.ActiveCfg = Release|Any CPU
		{ED5A7236-AEA5-4CEA-A6F5-17F55CE7CC04}.Release|Any CPU.Build.0 = Release|Any CPU
	EndGlobalSection
	GlobalSection(SolutionProperties) = preSolution
		HideSolutionNode = FALSE
	EndGlobalSection
	GlobalSection(ExtensibilityGlobals) = postSolution
		SolutionGuid = {3AA55C16-8B6B-41B8-9186-7B98C43D137A}
	EndGlobalSection
EndGlobal
